<?xml version="1.0" encoding="utf-8"?>
<Project ToolsVersion="4.0" xmlns="http://schemas.microsoft.com/developer/msbuild/2003">
  <ItemGroup>
    <Filter Include="Source Files">
      <UniqueIdentifier>{4FC737F1-C7A5-4376-A066-2A32D752A2FF}</UniqueIdentifier>
      <Extensions>cpp;c;cc;cxx;def;odl;idl;hpj;bat</Extensions>
    </Filter>
    <Filter Include="Source Files\App">
      <UniqueIdentifier>{E26D7A1F-31D6-4C1C-B3D5-D5E0F52D4F28}</UniqueIdentifier>
    </Filter>
    <Filter Include="Source Files\GUI">
      <UniqueIdentifier>{7E95FA86-0EB2-43AA-9E6D-46C778B9F015}</UniqueIdentifier>
    </Filter>
    <Filter Include="Source Files\GUI\IO">
      <UniqueIdentifier>{0F2DA766-BA61-4671-BB39-757383353E91}</UniqueIdentifier>
    </Filter>
    <Filter Include="Source Files\GUI\Widgets">
      <UniqueIdentifier>{C470E2F8-2813-44ED-A9BA-9278B4E7B88E}</UniqueIdentifier>
    </Filter>
    <Filter Include="Header Files">
      <UniqueIdentifier>{93995380-89BD-4b04-88EB-625FBE52EBFB}</UniqueIdentifier>
      <Extensions>h;hh;hpp;hxx;hm;inl;inc;ipp;xsd</Extensions>
    </Filter>
    <Filter Include="Header Files\App">
      <UniqueIdentifier>{08945D6B-58B6-46EC-96F4-D38B0F2F7F68}</UniqueIdentifier>
    </Filter>
    <Filter Include="Header Files\Examples">
      <UniqueIdentifier>{DDB978E6-0EF6-437A-A212-D00C6D6EB9C6}</UniqueIdentifier>
    </Filter>
    <Filter Include="Header Files\GUI">
      <UniqueIdentifier>{E25E8DA6-4C3A-4753-AD42-3AD9B8924823}</UniqueIdentifier>
    </Filter>
    <Filter Include="Header Files\GUI\IO">
      <UniqueIdentifier>{31B145B7-47E1-46C2-9865-ED3D8C02365C}</UniqueIdentifier>
    </Filter>
    <Filter Include="Header Files\GUI\Widgets">
      <UniqueIdentifier>{E66EC36F-4BBA-4589-A7BF-FBA0AB5B0CFD}</UniqueIdentifier>
    </Filter>
    <Filter Include="LC3">
      <UniqueIdentifier>{E8E2E7CB-0F5F-4DA2-B845-41B3CF0A1DC5}</UniqueIdentifier>
    </Filter>
    <Filter Include="Examples">
      <UniqueIdentifier>{23A29A10-D6AB-49EC-8E26-44D94878305C}</UniqueIdentifier>
      <Extensions>asm</Extensions>
    </Filter>
    <Filter Include="Tools">
      <UniqueIdentifier>{C67D2EB4-C6D3-49EC-B39C-3029C5995C29}</UniqueIdentifier>
    </Filter>
    <Filter Include="Generated">
      <UniqueIdentifier>{67816EEF-1155-4B54-A43C-94263737686B}</UniqueIdentifier>
    </Filter>
  </ItemGroup>
  <ItemGroup>
    <ClCompile Include="src\main.cpp">
      <Filter>Source Files</Filter>
    </ClCompile>
    <ClCompile Include="src\app\command_line.cpp">
      <Filter>Source Files\App</Filter>
    </ClCompile>
    <ClCompile Include="src\app\self_test.cpp">
      <Filter>Source Files\App</Filter>
    </ClCompile>
    <ClCompile Include="src\gui\main_window.cpp">
      <Filter>Source Files\GUI</Filter>
    </ClCompile>
    <ClCompile Include="src\gui\main_window_callbacks.cpp">
      <Filter>Source Files\GUI</Filter>
    </ClCompile>
    <ClCompile Include="src\gui\main_window_commands.cpp">
      <Filter>Source Files\GUI</Filter>
    </ClCompile>
    <ClCompile Include="src\gui\main_window_layout.cpp">
      <Filter>Source Files\GUI</Filter>
    </ClCompile>
    <ClCompile Include="src\gui\main_window_refresh.cpp">
      <Filter>Source Files\GUI</Filter>
    </ClCompile>
    <ClCompile Include="src\gui\io\file_utils.cpp">
      <Filter>Source Files\GUI\IO</Filter>
    </ClCompile>
    <ClCompile Include="src\gui\widgets\asm_highlighter.cpp">
      <Filter>Source Files\GUI\Widgets</Filter>
    </ClCompile>
    <ClCompile Include="src\gui\widgets\memory_table.cpp">
      <Filter>Source Files\GUI\Widgets</Filter>
    </ClCompile>
    <ClCompile Include="src\gui\widgets\register_table.cpp">
      <Filter>Source Files\GUI\Widgets</Filter>
    </ClCompile>
    <ClCompile Include="$(IntDir)generated\embedded_examples.cpp">
      <Filter>Generated</Filter>
    </ClCompile>
    <ClCompile Include="LC3\lc3_assembler_adapter.cpp">
      <Filter>LC3</Filter>
    </ClCompile>
    <ClCompile Include="LC3\lc3_simulator_adapter.cpp">
      <Filter>LC3</Filter>
    </ClCompile>
  </ItemGroup>
  <ItemGroup>
    <ClInclude Include="src\app\command_line.h">
      <Filter>Header Files\App</Filter>
    </ClInclude>
    <ClInclude Include="src\app\self_test.h">
      <Filter>Header Files\App</Filter>
    </ClInclude>
    <ClInclude Include="src\examples\embedded_examples.h">
      <Filter>Header Files\Examples</Filter>
    </ClInclude>
    <ClInclude Include="src\gui\main_window.h">
      <Filter>Header Files\GUI</Filter>
    </ClInclude>
    <ClInclude Include="src\gui\main_window_internal.h">
      <Filter>Header Files\GUI</Filter>
    </ClInclude>
    <ClInclude Include="src\gui\io\file_utils.h">
      <Filter>Header Files\GUI\IO</Filter>
    </ClInclude>
    <ClInclude Include="src\gui\widgets\asm_highlighter.h">
      <Filter>Header Files\GUI\Widgets</Filter>
    </ClInclude>
    <ClInclude Include="src\gui\widgets\cell_bounds.h">
      <Filter>Header Files\GUI\Widgets</Filter>
    </ClInclude>
    <ClInclude Include="src\gui\widgets\memory_table.h">
      <Filter>Header Files\GUI\Widgets</Filter>
    </ClInclude>
    <ClInclude Include="src\gui\widgets\register_table.h">
      <Filter>Header Files\GUI\Widgets</Filter>
    </ClInclude>
    <ClInclude Include="LC3\lc3_gui_adapter.h">
      <Filter>LC3</Filter>
    </ClInclude>
  </ItemGroup>
  <ItemGroup>
    <None Include="LC3\config.json">
      <Filter>LC3</Filter>
    </None>
    <None Include="examples\*.asm">
      <Filter>Examples</Filter>
    </None>
    <None Include="tools\embed_examples.ps1">
      <Filter>Tools</Filter>
    </None>
    <None Include="tools\embed_examples.cmake">
      <Filter>Tools</Filter>
    </None>
  </ItemGroup>
</Project>
