<?xml version="1.0" encoding="utf-8"?>
<Project ToolsVersion="4.0" xmlns="http://schemas.microsoft.com/developer/msbuild/2003">
  <ItemGroup>
    <Filter Include="Source Files">
      <UniqueIdentifier>{4FC737F1-C7A5-4376-A066-2A32D752A2FF}</UniqueIdentifier>
      <Extensions>cpp;c;cc;cxx;def;odl;idl;hpj;bat;asm;asmx</Extensions>
    </Filter>
    <Filter Include="Header Files">
      <UniqueIdentifier>{93995380-89BD-4b04-88EB-625FBE52EBFB}</UniqueIdentifier>
      <Extensions>h;hh;hpp;hxx;hm;inl;inc;ipp;xsd</Extensions>
    </Filter>
    <Filter Include="LC3">
      <UniqueIdentifier>{E8E2E7CB-0F5F-4DA2-B845-41B3CF0A1DC5}</UniqueIdentifier>
    </Filter>
    <Filter Include="Examples">
      <UniqueIdentifier>{23A29A10-D6AB-49EC-8E26-44D94878305C}</UniqueIdentifier>
    </Filter>
  </ItemGroup>
  <ItemGroup>
    <ClCompile Include="src\main.cpp">
      <Filter>Source Files</Filter>
    </ClCompile>
    <ClCompile Include="src\main_window.cpp">
      <Filter>Source Files</Filter>
    </ClCompile>
    <ClCompile Include="LC3\lc3_assembler_adapter.cpp">
      <Filter>LC3</Filter>
    </ClCompile>
    <ClCompile Include="LC3\lc3_simulator_adapter.cpp">
      <Filter>LC3</Filter>
    </ClCompile>
  </ItemGroup>
  <ItemGroup>
    <ClInclude Include="src\main_window.h">
      <Filter>Header Files</Filter>
    </ClInclude>
    <ClInclude Include="LC3\lc3_gui_adapter.h">
      <Filter>LC3</Filter>
    </ClInclude>
  </ItemGroup>
  <ItemGroup>
    <None Include="LC3\config.json">
      <Filter>LC3</Filter>
    </None>
    <None Include="examples\lc3_gui_demo.asm">
      <Filter>Examples</Filter>
    </None>
  </ItemGroup>
</Project>
